# This file was autogenerated by uv via the following command:
#    uv pip compile pyproject.toml -o requirements.lock
numpy==2.2.4
    # via
    #   realsense-projects (pyproject.toml)
    #   opencv-python
opencv-python==4.11.0.86
    # via realsense-projects (pyproject.toml)
pyaudio==0.2.14
    # via realsense-projects (pyproject.toml)
pyrealsense2==2.55.1.6486
    # via realsense-projects (pyproject.toml)
